{
  "name": "merda-bot",
  "lockfileVersion": 3,
  "requires": true,
  "packages": {
    "": {
      "dependencies": {
        "@cloudflare/workers-types": "github:cloudflare/workers-types"
      }
    },
    "node_modules/@cloudflare/workers-types": {
      "version": "3.19.0",
      "resolved": "git+ssh://git@github.com/cloudflare/workers-types.git#c8d9533caa4415c2156d2cf1daca75289d01ae70",
      "license": "BSD-3-Clause"
    }
  }
}
